{
  "version": "5",
  "specifiers": {
    "jsr:@deno/installer-shell-setup@*": "0.3.4",
    "jsr:@supabase/supabase-js@2": "2.112.3"
  },
  "jsr": {
    "@deno/installer-shell-setup@0.3.4": {
      "integrity": "48665d1a737d487cce6874bc97bba70a5aeffa7053aca3f60df93c6fab8963b4"
    },
    "@supabase/supabase-js@2.112.3": {
      "integrity": "114dd7d327daa11fb5b876bc447c47a8c1b9bf3f0d0ed05b308a60639b134b7b"
    }
  },
  "workspace": {
    "packageJson": {
      "dependencies": [
        "npm:@supabase/supabase-js@^2.112.3",
        "npm:@tailwindcss/vite@^4.3.3",
        "npm:@types/node@^24.13.3",
        "npm:@types/react-dom@^19.2.3",
        "npm:@types/react@^19.2.17",
        "npm:@vitejs/plugin-react@^6.0.4",
        "npm:oxlint@^1.75.0",
        "npm:react-dom@^19.2.8",
        "npm:react-router-dom@^7.18.2",
        "npm:react@^19.2.8",
        "npm:tailwindcss@^4.3.3",
        "npm:typescript@~6.0.2",
        "npm:vite@^8.2.0"
      ]
    }
  }
}
